# This file is autogenerated, do not edit; changes may be undone by the next 'dep ensure'.


[[projects]]
  branch = "master"
  name = "github.com/nareix/joy4"
  packages = [
    "av",
    "av/avutil",
    "cgo/ffmpeg",
    "codec",
    "codec/aacparser",
    "codec/fake",
    "codec/h264parser",
    "format",
    "format/aac",
    "format/flv",
    "format/flv/flvio",
    "format/mp4",
    "format/mp4/mp4io",
    "format/rtmp",
    "format/rtsp",
    "format/rtsp/sdp",
    "format/ts",
    "format/ts/tsio",
    "utils/bits",
    "utils/bits/pio"
  ]
  revision = "f98bf9bd9e1f1c9dd66dde2d7776871242ca2ba8"

[[projects]]
  branch = "master"
  name = "golang.org/x/image"
  packages = [
    "bmp",
    "riff",
    "tiff",
    "tiff/lzw",
    "vp8",
    "vp8l",
    "webp"
  ]
  revision = "f315e440302883054d0c2bd85486878cb4f8572c"

[solve-meta]
  analyzer-name = "dep"
  analyzer-version = 1
  inputs-digest = "0711ef33a8000749dd10e0b567b0526378bb6046d9c30b7edb6529914f0305df"
  solver-name = "gps-cdcl"
  solver-version = 1
