# This file is autogenerated, do not edit; changes may be undone by the next 'dep ensure'.


[[projects]]
  branch = "master"
  name = "golang.org/x/image"
  packages = [
    "bmp",
    "riff",
    "tiff",
    "tiff/lzw",
    "vp8",
    "vp8l",
    "webp"
  ]
  revision = "f315e440302883054d0c2bd85486878cb4f8572c"

[solve-meta]
  analyzer-name = "dep"
  analyzer-version = 1
  inputs-digest = "81c29c79a1dee67387189a12db4e3d5633e69c71e991197a6236fbcd87bb4000"
  solver-name = "gps-cdcl"
  solver-version = 1
